
Microsoft Visual Studio Solution File, Format Version 12.00
# Visual Studio Version 16
VisualStudioVersion = 16.0.30717.126
MinimumVisualStudioVersion = 10.0.40219.1
Project("{2150E333-8FDC-42A3-9474-1A3956D46DE8}") = "Frame", "Frame", "{2D634CFA-963B-4B6E-B427-B280CB109F2B}"
EndProject
Project("{2150E333-8FDC-42A3-9474-1A3956D46DE8}") = "ModuleOne", "ModuleOne", "{ECF6843F-2ED1-46BA-A3E3-5D04BB87207C}"
EndProject
Project("{9A19103F-16F7-4668-BE54-9A1E7A4F7556}") = "Frame.Blazor.Core", "Frame\Frame.Blazor.Core\Frame.Blazor.Core.csproj", "{EC1A0F40-D0AB-4B0F-B4C7-C004AF748612}"
EndProject
Project("{9A19103F-16F7-4668-BE54-9A1E7A4F7556}") = "Frame.Blazor.Components", "Frame\Frame.Blazor.Components\Frame.Blazor.Components.csproj", "{FC07846D-D7CA-428B-BEEF-DADB56A4C554}"
EndProject
Project("{9A19103F-16F7-4668-BE54-9A1E7A4F7556}") = "Frame.Blazor.App", "Frame\Frame.Blazor.App\Frame.Blazor.App.csproj", "{7B468AF2-D733-42EC-86CC-ECA23508EC7A}"
EndProject
Project("{9A19103F-16F7-4668-BE54-9A1E7A4F7556}") = "ModuleOne.BlazorModule", "ModuleOne\ModuleOne.BlazorModule\ModuleOne.BlazorModule.csproj", "{FD5A9CEF-A5DB-4B53-8CEF-F09D0DEE6C6A}"
EndProject
Project("{2150E333-8FDC-42A3-9474-1A3956D46DE8}") = "ModuleTwo", "ModuleTwo", "{78EE20E7-60F4-4B20-BBB3-1D2E24A34422}"
EndProject
Project("{9A19103F-16F7-4668-BE54-9A1E7A4F7556}") = "ModuleTwo.BlazorModule", "ModuleTwo\ModuleTwo.BlazorModule\ModuleTwo.BlazorModule.csproj", "{98092779-0BE2-4185-B379-454EF349519F}"
EndProject
Project("{2150E333-8FDC-42A3-9474-1A3956D46DE8}") = "GLog", "GLog", "{2358E087-D2FB-4394-9972-3320068384B7}"
EndProject
Project("{9A19103F-16F7-4668-BE54-9A1E7A4F7556}") = "GLog.BlazorModule", "GLog\GLog.BlazorModule\GLog.BlazorModule.csproj", "{B99402E1-CDF0-4C54-ACB4-8A6BB082FBFA}"
EndProject
Project("{9A19103F-16F7-4668-BE54-9A1E7A4F7556}") = "GLog.Models", "GLog\GLog.Models\GLog.Models.csproj", "{874286D9-02B9-4F08-A764-BCFB121267C8}"
EndProject
Project("{9A19103F-16F7-4668-BE54-9A1E7A4F7556}") = "GLog.Repository", "GLog\GLog.Repository\GLog.Repository.csproj", "{22906486-DC8E-4AD5-B1B0-749A2E608A81}"
EndProject
Project("{FAE04EC0-301F-11D3-BF4B-00C04F79EFBC}") = "Frame.Core", "Frame\Frame.Core\Frame.Core.csproj", "{2E04C35D-10D8-4F9B-B44F-2666706CA140}"
EndProject
Project("{9A19103F-16F7-4668-BE54-9A1E7A4F7556}") = "ModuleOne.Logic", "ModuleOne\ModuleOne.Logic\ModuleOne.Logic.csproj", "{57A83936-52BF-495F-9509-989B805057E5}"
EndProject
Project("{FAE04EC0-301F-11D3-BF4B-00C04F79EFBC}") = "ModuleOne.Shared", "ModuleOne\ModuleOne.Shared\ModuleOne.Shared.csproj", "{CDEB61E3-3F75-4ACE-AD15-AEEC4AAC9FF1}"
EndProject
Project("{9A19103F-16F7-4668-BE54-9A1E7A4F7556}") = "ModuleOne.BusinessService", "ModuleOne\ModuleOne.BusinessService\ModuleOne.BusinessService.csproj", "{AC6F9738-8FC3-4D3B-8CB4-D915B21E9763}"
EndProject
Global
	GlobalSection(SolutionConfigurationPlatforms) = preSolution
		Debug|Any CPU = Debug|Any CPU
		Release|Any CPU = Release|Any CPU
	EndGlobalSection
	GlobalSection(ProjectConfigurationPlatforms) = postSolution
		{EC1A0F40-D0AB-4B0F-B4C7-C004AF748612}.Debug|Any CPU.ActiveCfg = Debug|Any CPU
		{EC1A0F40-D0AB-4B0F-B4C7-C004AF748612}.Debug|Any CPU.Build.0 = Debug|Any CPU
		{EC1A0F40-D0AB-4B0F-B4C7-C004AF748612}.Release|Any CPU.ActiveCfg = Release|Any CPU
		{EC1A0F40-D0AB-4B0F-B4C7-C004AF748612}.Release|Any CPU.Build.0 = Release|Any CPU
		{FC07846D-D7CA-428B-BEEF-DADB56A4C554}.Debug|Any CPU.ActiveCfg = Debug|Any CPU
		{FC07846D-D7CA-428B-BEEF-DADB56A4C554}.Debug|Any CPU.Build.0 = Debug|Any CPU
		{FC07846D-D7CA-428B-BEEF-DADB56A4C554}.Release|Any CPU.ActiveCfg = Release|Any CPU
		{FC07846D-D7CA-428B-BEEF-DADB56A4C554}.Release|Any CPU.Build.0 = Release|Any CPU
		{7B468AF2-D733-42EC-86CC-ECA23508EC7A}.Debug|Any CPU.ActiveCfg = Debug|Any CPU
		{7B468AF2-D733-42EC-86CC-ECA23508EC7A}.Debug|Any CPU.Build.0 = Debug|Any CPU
		{7B468AF2-D733-42EC-86CC-ECA23508EC7A}.Release|Any CPU.ActiveCfg = Release|Any CPU
		{7B468AF2-D733-42EC-86CC-ECA23508EC7A}.Release|Any CPU.Build.0 = Release|Any CPU
		{FD5A9CEF-A5DB-4B53-8CEF-F09D0DEE6C6A}.Debug|Any CPU.ActiveCfg = Debug|Any CPU
		{FD5A9CEF-A5DB-4B53-8CEF-F09D0DEE6C6A}.Debug|Any CPU.Build.0 = Debug|Any CPU
		{FD5A9CEF-A5DB-4B53-8CEF-F09D0DEE6C6A}.Release|Any CPU.ActiveCfg = Release|Any CPU
		{FD5A9CEF-A5DB-4B53-8CEF-F09D0DEE6C6A}.Release|Any CPU.Build.0 = Release|Any CPU
		{98092779-0BE2-4185-B379-454EF349519F}.Debug|Any CPU.ActiveCfg = Debug|Any CPU
		{98092779-0BE2-4185-B379-454EF349519F}.Debug|Any CPU.Build.0 = Debug|Any CPU
		{98092779-0BE2-4185-B379-454EF349519F}.Release|Any CPU.ActiveCfg = Release|Any CPU
		{98092779-0BE2-4185-B379-454EF349519F}.Release|Any CPU.Build.0 = Release|Any CPU
		{B99402E1-CDF0-4C54-ACB4-8A6BB082FBFA}.Debug|Any CPU.ActiveCfg = Debug|Any CPU
		{B99402E1-CDF0-4C54-ACB4-8A6BB082FBFA}.Debug|Any CPU.Build.0 = Debug|Any CPU
		{B99402E1-CDF0-4C54-ACB4-8A6BB082FBFA}.Release|Any CPU.ActiveCfg = Release|Any CPU
		{B99402E1-CDF0-4C54-ACB4-8A6BB082FBFA}.Release|Any CPU.Build.0 = Release|Any CPU
		{874286D9-02B9-4F08-A764-BCFB121267C8}.Debug|Any CPU.ActiveCfg = Debug|Any CPU
		{874286D9-02B9-4F08-A764-BCFB121267C8}.Debug|Any CPU.Build.0 = Debug|Any CPU
		{874286D9-02B9-4F08-A764-BCFB121267C8}.Release|Any CPU.ActiveCfg = Release|Any CPU
		{874286D9-02B9-4F08-A764-BCFB121267C8}.Release|Any CPU.Build.0 = Release|Any CPU
		{22906486-DC8E-4AD5-B1B0-749A2E608A81}.Debug|Any CPU.ActiveCfg = Debug|Any CPU
		{22906486-DC8E-4AD5-B1B0-749A2E608A81}.Debug|Any CPU.Build.0 = Debug|Any CPU
		{22906486-DC8E-4AD5-B1B0-749A2E608A81}.Release|Any CPU.ActiveCfg = Release|Any CPU
		{22906486-DC8E-4AD5-B1B0-749A2E608A81}.Release|Any CPU.Build.0 = Release|Any CPU
		{2E04C35D-10D8-4F9B-B44F-2666706CA140}.Debug|Any CPU.ActiveCfg = Debug|Any CPU
		{2E04C35D-10D8-4F9B-B44F-2666706CA140}.Debug|Any CPU.Build.0 = Debug|Any CPU
		{2E04C35D-10D8-4F9B-B44F-2666706CA140}.Release|Any CPU.ActiveCfg = Release|Any CPU
		{2E04C35D-10D8-4F9B-B44F-2666706CA140}.Release|Any CPU.Build.0 = Release|Any CPU
		{57A83936-52BF-495F-9509-989B805057E5}.Debug|Any CPU.ActiveCfg = Debug|Any CPU
		{57A83936-52BF-495F-9509-989B805057E5}.Debug|Any CPU.Build.0 = Debug|Any CPU
		{57A83936-52BF-495F-9509-989B805057E5}.Release|Any CPU.ActiveCfg = Release|Any CPU
		{57A83936-52BF-495F-9509-989B805057E5}.Release|Any CPU.Build.0 = Release|Any CPU
		{CDEB61E3-3F75-4ACE-AD15-AEEC4AAC9FF1}.Debug|Any CPU.ActiveCfg = Debug|Any CPU
		{CDEB61E3-3F75-4ACE-AD15-AEEC4AAC9FF1}.Debug|Any CPU.Build.0 = Debug|Any CPU
		{CDEB61E3-3F75-4ACE-AD15-AEEC4AAC9FF1}.Release|Any CPU.ActiveCfg = Release|Any CPU
		{CDEB61E3-3F75-4ACE-AD15-AEEC4AAC9FF1}.Release|Any CPU.Build.0 = Release|Any CPU
		{AC6F9738-8FC3-4D3B-8CB4-D915B21E9763}.Debug|Any CPU.ActiveCfg = Debug|Any CPU
		{AC6F9738-8FC3-4D3B-8CB4-D915B21E9763}.Debug|Any CPU.Build.0 = Debug|Any CPU
		{AC6F9738-8FC3-4D3B-8CB4-D915B21E9763}.Release|Any CPU.ActiveCfg = Release|Any CPU
		{AC6F9738-8FC3-4D3B-8CB4-D915B21E9763}.Release|Any CPU.Build.0 = Release|Any CPU
	EndGlobalSection
	GlobalSection(SolutionProperties) = preSolution
		HideSolutionNode = FALSE
	EndGlobalSection
	GlobalSection(NestedProjects) = preSolution
		{EC1A0F40-D0AB-4B0F-B4C7-C004AF748612} = {2D634CFA-963B-4B6E-B427-B280CB109F2B}
		{FC07846D-D7CA-428B-BEEF-DADB56A4C554} = {2D634CFA-963B-4B6E-B427-B280CB109F2B}
		{7B468AF2-D733-42EC-86CC-ECA23508EC7A} = {2D634CFA-963B-4B6E-B427-B280CB109F2B}
		{FD5A9CEF-A5DB-4B53-8CEF-F09D0DEE6C6A} = {ECF6843F-2ED1-46BA-A3E3-5D04BB87207C}
		{98092779-0BE2-4185-B379-454EF349519F} = {78EE20E7-60F4-4B20-BBB3-1D2E24A34422}
		{B99402E1-CDF0-4C54-ACB4-8A6BB082FBFA} = {2358E087-D2FB-4394-9972-3320068384B7}
		{874286D9-02B9-4F08-A764-BCFB121267C8} = {2358E087-D2FB-4394-9972-3320068384B7}
		{22906486-DC8E-4AD5-B1B0-749A2E608A81} = {2358E087-D2FB-4394-9972-3320068384B7}
		{2E04C35D-10D8-4F9B-B44F-2666706CA140} = {2D634CFA-963B-4B6E-B427-B280CB109F2B}
		{57A83936-52BF-495F-9509-989B805057E5} = {ECF6843F-2ED1-46BA-A3E3-5D04BB87207C}
		{CDEB61E3-3F75-4ACE-AD15-AEEC4AAC9FF1} = {ECF6843F-2ED1-46BA-A3E3-5D04BB87207C}
		{AC6F9738-8FC3-4D3B-8CB4-D915B21E9763} = {ECF6843F-2ED1-46BA-A3E3-5D04BB87207C}
	EndGlobalSection
	GlobalSection(ExtensibilityGlobals) = postSolution
		SolutionGuid = {453FFFD8-508A-4A1D-AF39-551F1718387E}
	EndGlobalSection
EndGlobal
